
Microsoft Visual Studio Solution File, Format Version 12.00
# Visual Studio Version 17
VisualStudioVersion = 17.0.31903.59
MinimumVisualStudioVersion = 10.0.40219.1
Project("{FAE04EC0-301F-11D3-BF4B-00C04F79EFBC}") = "Fina.Api", "Fina.Api\Fina.Api.csproj", "{B9FEDB4C-66F2-425D-902C-238562A8E028}"
EndProject
Project("{FAE04EC0-301F-11D3-BF4B-00C04F79EFBC}") = "Fina.Core", "Fina.Core\Fina.Core.csproj", "{8304A0A4-F31B-4AB6-B9D8-6879732858D4}"
EndProject
Project("{FAE04EC0-301F-11D3-BF4B-00C04F79EFBC}") = "Fina.Web", "Fina.Web\Fina.Web.csproj", "{9DA02921-E8B9-4A71-92A0-185B6E386CBE}"
EndProject
Global
	GlobalSection(SolutionConfigurationPlatforms) = preSolution
		Debug|Any CPU = Debug|Any CPU
		Release|Any CPU = Release|Any CPU
	EndGlobalSection
	GlobalSection(SolutionProperties) = preSolution
		HideSolutionNode = FALSE
	EndGlobalSection
	GlobalSection(ProjectConfigurationPlatforms) = postSolution
		{B9FEDB4C-66F2-425D-902C-238562A8E028}.Debug|Any CPU.ActiveCfg = Debug|Any CPU
		{B9FEDB4C-66F2-425D-902C-238562A8E028}.Debug|Any CPU.Build.0 = Debug|Any CPU
		{B9FEDB4C-66F2-425D-902C-238562A8E028}.Release|Any CPU.ActiveCfg = Release|Any CPU
		{B9FEDB4C-66F2-425D-902C-238562A8E028}.Release|Any CPU.Build.0 = Release|Any CPU
		{8304A0A4-F31B-4AB6-B9D8-6879732858D4}.Debug|Any CPU.ActiveCfg = Debug|Any CPU
		{8304A0A4-F31B-4AB6-B9D8-6879732858D4}.Debug|Any CPU.Build.0 = Debug|Any CPU
		{8304A0A4-F31B-4AB6-B9D8-6879732858D4}.Release|Any CPU.ActiveCfg = Release|Any CPU
		{8304A0A4-F31B-4AB6-B9D8-6879732858D4}.Release|Any CPU.Build.0 = Release|Any CPU
		{9DA02921-E8B9-4A71-92A0-185B6E386CBE}.Debug|Any CPU.ActiveCfg = Debug|Any CPU
		{9DA02921-E8B9-4A71-92A0-185B6E386CBE}.Debug|Any CPU.Build.0 = Debug|Any CPU
		{9DA02921-E8B9-4A71-92A0-185B6E386CBE}.Release|Any CPU.ActiveCfg = Release|Any CPU
		{9DA02921-E8B9-4A71-92A0-185B6E386CBE}.Release|Any CPU.Build.0 = Release|Any CPU
	EndGlobalSection
EndGlobal
